
Microsoft Visual Studio Solution File, Format Version 12.00
# Visual Studio Version 17
VisualStudioVersion = 17.0.31903.59
MinimumVisualStudioVersion = 10.0.40219.1
Project("{FAE04EC0-301F-11D3-BF4B-00C04F79EFBC}") = "PaymentService.Api", "PaymentService.Api\PaymentService.Api.csproj", "{B0BC1563-6467-44AC-87D4-69A90197CD82}"
EndProject
Project("{FAE04EC0-301F-11D3-BF4B-00C04F79EFBC}") = "PaymentService.Core", "PaymentService.Core\PaymentService.Core.csproj", "{F9A98CB0-904B-4CE9-9AE8-1C7B14416716}"
EndProject
Project("{FAE04EC0-301F-11D3-BF4B-00C04F79EFBC}") = "PaymentService.Infrastructure", "PaymentService.Infrastructure\PaymentService.Infrastructure.csproj", "{361BED8D-D54E-4210-B520-D104EAF4AD4D}"
EndProject
Global
	GlobalSection(SolutionConfigurationPlatforms) = preSolution
		Debug|Any CPU = Debug|Any CPU
		Release|Any CPU = Release|Any CPU
	EndGlobalSection
	GlobalSection(SolutionProperties) = preSolution
		HideSolutionNode = FALSE
	EndGlobalSection
	GlobalSection(ProjectConfigurationPlatforms) = postSolution
		{B0BC1563-6467-44AC-87D4-69A90197CD82}.Debug|Any CPU.ActiveCfg = Debug|Any CPU
		{B0BC1563-6467-44AC-87D4-69A90197CD82}.Debug|Any CPU.Build.0 = Debug|Any CPU
		{B0BC1563-6467-44AC-87D4-69A90197CD82}.Release|Any CPU.ActiveCfg = Release|Any CPU
		{B0BC1563-6467-44AC-87D4-69A90197CD82}.Release|Any CPU.Build.0 = Release|Any CPU
		{F9A98CB0-904B-4CE9-9AE8-1C7B14416716}.Debug|Any CPU.ActiveCfg = Debug|Any CPU
		{F9A98CB0-904B-4CE9-9AE8-1C7B14416716}.Debug|Any CPU.Build.0 = Debug|Any CPU
		{F9A98CB0-904B-4CE9-9AE8-1C7B14416716}.Release|Any CPU.ActiveCfg = Release|Any CPU
		{F9A98CB0-904B-4CE9-9AE8-1C7B14416716}.Release|Any CPU.Build.0 = Release|Any CPU
		{361BED8D-D54E-4210-B520-D104EAF4AD4D}.Debug|Any CPU.ActiveCfg = Debug|Any CPU
		{361BED8D-D54E-4210-B520-D104EAF4AD4D}.Debug|Any CPU.Build.0 = Debug|Any CPU
		{361BED8D-D54E-4210-B520-D104EAF4AD4D}.Release|Any CPU.ActiveCfg = Release|Any CPU
		{361BED8D-D54E-4210-B520-D104EAF4AD4D}.Release|Any CPU.Build.0 = Release|Any CPU
	EndGlobalSection
EndGlobal
